
Microsoft Visual Studio Solution File, Format Version 12.00
# Visual Studio 15
VisualStudioVersion = 15.0.28307.705
MinimumVisualStudioVersion = 10.0.40219.1
Project("{FAE04EC0-301F-11D3-BF4B-00C04F79EFBC}") = "SampleValueConverter.Android", "SampleValueConverter\SampleValueConverter.Android\SampleValueConverter.Android.csproj", "{F50D187B-63B9-4CD7-A9D2-ADFA1342EE99}"
EndProject
Project("{FAE04EC0-301F-11D3-BF4B-00C04F79EFBC}") = "SampleValueConverter.iOS", "SampleValueConverter\SampleValueConverter.iOS\SampleValueConverter.iOS.csproj", "{E0FE9044-C15B-41D1-8A00-148F09972967}"
EndProject
Project("{FAE04EC0-301F-11D3-BF4B-00C04F79EFBC}") = "SampleValueConverter", "SampleValueConverter\SampleValueConverter\SampleValueConverter.csproj", "{2BDF5065-EF7C-4F4B-BDE2-0CE4F311ED0F}"
EndProject
Global
	GlobalSection(SolutionConfigurationPlatforms) = preSolution
		Ad-Hoc|Any CPU = Ad-Hoc|Any CPU
		Ad-Hoc|iPhone = Ad-Hoc|iPhone
		Ad-Hoc|iPhoneSimulator = Ad-Hoc|iPhoneSimulator
		AppStore|Any CPU = AppStore|Any CPU
		AppStore|iPhone = AppStore|iPhone
		AppStore|iPhoneSimulator = AppStore|iPhoneSimulator
		Debug|Any CPU = Debug|Any CPU
		Debug|iPhone = Debug|iPhone
		Debug|iPhoneSimulator = Debug|iPhoneSimulator
		Release|Any CPU = Release|Any CPU
		Release|iPhone = Release|iPhone
		Release|iPhoneSimulator = Release|iPhoneSimulator
	EndGlobalSection
	GlobalSection(ProjectConfigurationPlatforms) = postSolution
		{F50D187B-63B9-4CD7-A9D2-ADFA1342EE99}.Ad-Hoc|Any CPU.ActiveCfg = Release|Any CPU
		{F50D187B-63B9-4CD7-A9D2-ADFA1342EE99}.Ad-Hoc|Any CPU.Build.0 = Release|Any CPU
		{F50D187B-63B9-4CD7-A9D2-ADFA1342EE99}.Ad-Hoc|Any CPU.Deploy.0 = Release|Any CPU
		{F50D187B-63B9-4CD7-A9D2-ADFA1342EE99}.Ad-Hoc|iPhone.ActiveCfg = Release|Any CPU
		{F50D187B-63B9-4CD7-A9D2-ADFA1342EE99}.Ad-Hoc|iPhone.Build.0 = Release|Any CPU
		{F50D187B-63B9-4CD7-A9D2-ADFA1342EE99}.Ad-Hoc|iPhone.Deploy.0 = Release|Any CPU
		{F50D187B-63B9-4CD7-A9D2-ADFA1342EE99}.Ad-Hoc|iPhoneSimulator.ActiveCfg = Release|Any CPU
		{F50D187B-63B9-4CD7-A9D2-ADFA1342EE99}.Ad-Hoc|iPhoneSimulator.Build.0 = Release|Any CPU
		{F50D187B-63B9-4CD7-A9D2-ADFA1342EE99}.Ad-Hoc|iPhoneSimulator.Deploy.0 = Release|Any CPU
		{F50D187B-63B9-4CD7-A9D2-ADFA1342EE99}.AppStore|Any CPU.ActiveCfg = Release|Any CPU
		{F50D187B-63B9-4CD7-A9D2-ADFA1342EE99}.AppStore|Any CPU.Build.0 = Release|Any CPU
		{F50D187B-63B9-4CD7-A9D2-ADFA1342EE99}.AppStore|Any CPU.Deploy.0 = Release|Any CPU
		{F50D187B-63B9-4CD7-A9D2-ADFA1342EE99}.AppStore|iPhone.ActiveCfg = Release|Any CPU
		{F50D187B-63B9-4CD7-A9D2-ADFA1342EE99}.AppStore|iPhone.Build.0 = Release|Any CPU
		{F50D187B-63B9-4CD7-A9D2-ADFA1342EE99}.AppStore|iPhone.Deploy.0 = Release|Any CPU
		{F50D187B-63B9-4CD7-A9D2-ADFA1342EE99}.AppStore|iPhoneSimulator.ActiveCfg = Release|Any CPU
		{F50D187B-63B9-4CD7-A9D2-ADFA1342EE99}.AppStore|iPhoneSimulator.Build.0 = Release|Any CPU
		{F50D187B-63B9-4CD7-A9D2-ADFA1342EE99}.AppStore|iPhoneSimulator.Deploy.0 = Release|Any CPU
		{F50D187B-63B9-4CD7-A9D2-ADFA1342EE99}.Debug|Any CPU.ActiveCfg = Debug|Any CPU
		{F50D187B-63B9-4CD7-A9D2-ADFA1342EE99}.Debug|Any CPU.Build.0 = Debug|Any CPU
		{F50D187B-63B9-4CD7-A9D2-ADFA1342EE99}.Debug|Any CPU.Deploy.0 = Debug|Any CPU
		{F50D187B-63B9-4CD7-A9D2-ADFA1342EE99}.Debug|iPhone.ActiveCfg = Debug|Any CPU
		{F50D187B-63B9-4CD7-A9D2-ADFA1342EE99}.Debug|iPhone.Build.0 = Debug|Any CPU
		{F50D187B-63B9-4CD7-A9D2-ADFA1342EE99}.Debug|iPhone.Deploy.0 = Debug|Any CPU
		{F50D187B-63B9-4CD7-A9D2-ADFA1342EE99}.Debug|iPhoneSimulator.ActiveCfg = Debug|Any CPU
		{F50D187B-63B9-4CD7-A9D2-ADFA1342EE99}.Debug|iPhoneSimulator.Build.0 = Debug|Any CPU
		{F50D187B-63B9-4CD7-A9D2-ADFA1342EE99}.Debug|iPhoneSimulator.Deploy.0 = Debug|Any CPU
		{F50D187B-63B9-4CD7-A9D2-ADFA1342EE99}.Release|Any CPU.ActiveCfg = Release|Any CPU
		{F50D187B-63B9-4CD7-A9D2-ADFA1342EE99}.Release|Any CPU.Build.0 = Release|Any CPU
		{F50D187B-63B9-4CD7-A9D2-ADFA1342EE99}.Release|Any CPU.Deploy.0 = Release|Any CPU
		{F50D187B-63B9-4CD7-A9D2-ADFA1342EE99}.Release|iPhone.ActiveCfg = Release|Any CPU
		{F50D187B-63B9-4CD7-A9D2-ADFA1342EE99}.Release|iPhone.Build.0 = Release|Any CPU
		{F50D187B-63B9-4CD7-A9D2-ADFA1342EE99}.Release|iPhone.Deploy.0 = Release|Any CPU
		{F50D187B-63B9-4CD7-A9D2-ADFA1342EE99}.Release|iPhoneSimulator.ActiveCfg = Release|Any CPU
		{F50D187B-63B9-4CD7-A9D2-ADFA1342EE99}.Release|iPhoneSimulator.Build.0 = Release|Any CPU
		{F50D187B-63B9-4CD7-A9D2-ADFA1342EE99}.Release|iPhoneSimulator.Deploy.0 = Release|Any CPU
		{E0FE9044-C15B-41D1-8A00-148F09972967}.Ad-Hoc|Any CPU.ActiveCfg = Ad-Hoc|iPhone
		{E0FE9044-C15B-41D1-8A00-148F09972967}.Ad-Hoc|Any CPU.Build.0 = Ad-Hoc|iPhone
		{E0FE9044-C15B-41D1-8A00-148F09972967}.Ad-Hoc|Any CPU.Deploy.0 = Ad-Hoc|iPhone
		{E0FE9044-C15B-41D1-8A00-148F09972967}.Ad-Hoc|iPhone.ActiveCfg = Ad-Hoc|iPhone
		{E0FE9044-C15B-41D1-8A00-148F09972967}.Ad-Hoc|iPhone.Build.0 = Ad-Hoc|iPhone
		{E0FE9044-C15B-41D1-8A00-148F09972967}.Ad-Hoc|iPhone.Deploy.0 = Ad-Hoc|iPhone
		{E0FE9044-C15B-41D1-8A00-148F09972967}.Ad-Hoc|iPhoneSimulator.ActiveCfg = Ad-Hoc|iPhoneSimulator
		{E0FE9044-C15B-41D1-8A00-148F09972967}.Ad-Hoc|iPhoneSimulator.Build.0 = Ad-Hoc|iPhoneSimulator
		{E0FE9044-C15B-41D1-8A00-148F09972967}.Ad-Hoc|iPhoneSimulator.Deploy.0 = Ad-Hoc|iPhoneSimulator
		{E0FE9044-C15B-41D1-8A00-148F09972967}.AppStore|Any CPU.ActiveCfg = AppStore|iPhone
		{E0FE9044-C15B-41D1-8A00-148F09972967}.AppStore|Any CPU.Build.0 = AppStore|iPhone
		{E0FE9044-C15B-41D1-8A00-148F09972967}.AppStore|Any CPU.Deploy.0 = AppStore|iPhone
		{E0FE9044-C15B-41D1-8A00-148F09972967}.AppStore|iPhone.ActiveCfg = AppStore|iPhone
		{E0FE9044-C15B-41D1-8A00-148F09972967}.AppStore|iPhone.Build.0 = AppStore|iPhone
		{E0FE9044-C15B-41D1-8A00-148F09972967}.AppStore|iPhone.Deploy.0 = AppStore|iPhone
		{E0FE9044-C15B-41D1-8A00-148F09972967}.AppStore|iPhoneSimulator.ActiveCfg = AppStore|iPhoneSimulator
		{E0FE9044-C15B-41D1-8A00-148F09972967}.AppStore|iPhoneSimulator.Build.0 = AppStore|iPhoneSimulator
		{E0FE9044-C15B-41D1-8A00-148F09972967}.AppStore|iPhoneSimulator.Deploy.0 = AppStore|iPhoneSimulator
		{E0FE9044-C15B-41D1-8A00-148F09972967}.Debug|Any CPU.ActiveCfg = Debug|iPhoneSimulator
		{E0FE9044-C15B-41D1-8A00-148F09972967}.Debug|Any CPU.Build.0 = Debug|iPhoneSimulator
		{E0FE9044-C15B-41D1-8A00-148F09972967}.Debug|Any CPU.Deploy.0 = Debug|iPhoneSimulator
		{E0FE9044-C15B-41D1-8A00-148F09972967}.Debug|iPhone.ActiveCfg = Debug|iPhone
		{E0FE9044-C15B-41D1-8A00-148F09972967}.Debug|iPhone.Build.0 = Debug|iPhone
		{E0FE9044-C15B-41D1-8A00-148F09972967}.Debug|iPhone.Deploy.0 = Debug|iPhone
		{E0FE9044-C15B-41D1-8A00-148F09972967}.Debug|iPhoneSimulator.ActiveCfg = Debug|iPhoneSimulator
		{E0FE9044-C15B-41D1-8A00-148F09972967}.Debug|iPhoneSimulator.Build.0 = Debug|iPhoneSimulator
		{E0FE9044-C15B-41D1-8A00-148F09972967}.Debug|iPhoneSimulator.Deploy.0 = Debug|iPhoneSimulator
		{E0FE9044-C15B-41D1-8A00-148F09972967}.Release|Any CPU.ActiveCfg = Release|iPhone
		{E0FE9044-C15B-41D1-8A00-148F09972967}.Release|Any CPU.Build.0 = Release|iPhone
		{E0FE9044-C15B-41D1-8A00-148F09972967}.Release|Any CPU.Deploy.0 = Release|iPhone
		{E0FE9044-C15B-41D1-8A00-148F09972967}.Release|iPhone.ActiveCfg = Release|iPhone
		{E0FE9044-C15B-41D1-8A00-148F09972967}.Release|iPhone.Build.0 = Release|iPhone
		{E0FE9044-C15B-41D1-8A00-148F09972967}.Release|iPhone.Deploy.0 = Release|iPhone
		{E0FE9044-C15B-41D1-8A00-148F09972967}.Release|iPhoneSimulator.ActiveCfg = Release|iPhoneSimulator
		{E0FE9044-C15B-41D1-8A00-148F09972967}.Release|iPhoneSimulator.Build.0 = Release|iPhoneSimulator
		{E0FE9044-C15B-41D1-8A00-148F09972967}.Release|iPhoneSimulator.Deploy.0 = Release|iPhoneSimulator
		{2BDF5065-EF7C-4F4B-BDE2-0CE4F311ED0F}.Ad-Hoc|Any CPU.ActiveCfg = Debug|Any CPU
		{2BDF5065-EF7C-4F4B-BDE2-0CE4F311ED0F}.Ad-Hoc|Any CPU.Build.0 = Debug|Any CPU
		{2BDF5065-EF7C-4F4B-BDE2-0CE4F311ED0F}.Ad-Hoc|Any CPU.Deploy.0 = Debug|Any CPU
		{2BDF5065-EF7C-4F4B-BDE2-0CE4F311ED0F}.Ad-Hoc|iPhone.ActiveCfg = Debug|Any CPU
		{2BDF5065-EF7C-4F4B-BDE2-0CE4F311ED0F}.Ad-Hoc|iPhone.Build.0 = Debug|Any CPU
		{2BDF5065-EF7C-4F4B-BDE2-0CE4F311ED0F}.Ad-Hoc|iPhone.Deploy.0 = Debug|Any CPU
		{2BDF5065-EF7C-4F4B-BDE2-0CE4F311ED0F}.Ad-Hoc|iPhoneSimulator.ActiveCfg = Debug|Any CPU
		{2BDF5065-EF7C-4F4B-BDE2-0CE4F311ED0F}.Ad-Hoc|iPhoneSimulator.Build.0 = Debug|Any CPU
		{2BDF5065-EF7C-4F4B-BDE2-0CE4F311ED0F}.Ad-Hoc|iPhoneSimulator.Deploy.0 = Debug|Any CPU
		{2BDF5065-EF7C-4F4B-BDE2-0CE4F311ED0F}.AppStore|Any CPU.ActiveCfg = Debug|Any CPU
		{2BDF5065-EF7C-4F4B-BDE2-0CE4F311ED0F}.AppStore|Any CPU.Build.0 = Debug|Any CPU
		{2BDF5065-EF7C-4F4B-BDE2-0CE4F311ED0F}.AppStore|Any CPU.Deploy.0 = Debug|Any CPU
		{2BDF5065-EF7C-4F4B-BDE2-0CE4F311ED0F}.AppStore|iPhone.ActiveCfg = Debug|Any CPU
		{2BDF5065-EF7C-4F4B-BDE2-0CE4F311ED0F}.AppStore|iPhone.Build.0 = Debug|Any CPU
		{2BDF5065-EF7C-4F4B-BDE2-0CE4F311ED0F}.AppStore|iPhone.Deploy.0 = Debug|Any CPU
		{2BDF5065-EF7C-4F4B-BDE2-0CE4F311ED0F}.AppStore|iPhoneSimulator.ActiveCfg = Debug|Any CPU
		{2BDF5065-EF7C-4F4B-BDE2-0CE4F311ED0F}.AppStore|iPhoneSimulator.Build.0 = Debug|Any CPU
		{2BDF5065-EF7C-4F4B-BDE2-0CE4F311ED0F}.AppStore|iPhoneSimulator.Deploy.0 = Debug|Any CPU
		{2BDF5065-EF7C-4F4B-BDE2-0CE4F311ED0F}.Debug|Any CPU.ActiveCfg = Debug|Any CPU
		{2BDF5065-EF7C-4F4B-BDE2-0CE4F311ED0F}.Debug|Any CPU.Build.0 = Debug|Any CPU
		{2BDF5065-EF7C-4F4B-BDE2-0CE4F311ED0F}.Debug|Any CPU.Deploy.0 = Debug|Any CPU
		{2BDF5065-EF7C-4F4B-BDE2-0CE4F311ED0F}.Debug|iPhone.ActiveCfg = Debug|Any CPU
		{2BDF5065-EF7C-4F4B-BDE2-0CE4F311ED0F}.Debug|iPhone.Build.0 = Debug|Any CPU
		{2BDF5065-EF7C-4F4B-BDE2-0CE4F311ED0F}.Debug|iPhone.Deploy.0 = Debug|Any CPU
		{2BDF5065-EF7C-4F4B-BDE2-0CE4F311ED0F}.Debug|iPhoneSimulator.ActiveCfg = Debug|Any CPU
		{2BDF5065-EF7C-4F4B-BDE2-0CE4F311ED0F}.Debug|iPhoneSimulator.Build.0 = Debug|Any CPU
		{2BDF5065-EF7C-4F4B-BDE2-0CE4F311ED0F}.Debug|iPhoneSimulator.Deploy.0 = Debug|Any CPU
		{2BDF5065-EF7C-4F4B-BDE2-0CE4F311ED0F}.Release|Any CPU.ActiveCfg = Release|Any CPU
		{2BDF5065-EF7C-4F4B-BDE2-0CE4F311ED0F}.Release|Any CPU.Build.0 = Release|Any CPU
		{2BDF5065-EF7C-4F4B-BDE2-0CE4F311ED0F}.Release|Any CPU.Deploy.0 = Release|Any CPU
		{2BDF5065-EF7C-4F4B-BDE2-0CE4F311ED0F}.Release|iPhone.ActiveCfg = Release|Any CPU
		{2BDF5065-EF7C-4F4B-BDE2-0CE4F311ED0F}.Release|iPhone.Build.0 = Release|Any CPU
		{2BDF5065-EF7C-4F4B-BDE2-0CE4F311ED0F}.Release|iPhone.Deploy.0 = Release|Any CPU
		{2BDF5065-EF7C-4F4B-BDE2-0CE4F311ED0F}.Release|iPhoneSimulator.ActiveCfg = Release|Any CPU
		{2BDF5065-EF7C-4F4B-BDE2-0CE4F311ED0F}.Release|iPhoneSimulator.Build.0 = Release|Any CPU
		{2BDF5065-EF7C-4F4B-BDE2-0CE4F311ED0F}.Release|iPhoneSimulator.Deploy.0 = Release|Any CPU
	EndGlobalSection
	GlobalSection(SolutionProperties) = preSolution
		HideSolutionNode = FALSE
	EndGlobalSection
	GlobalSection(ExtensibilityGlobals) = postSolution
		SolutionGuid = {43F54424-0F07-46E0-B34F-3DC915EFE6F2}
	EndGlobalSection
EndGlobal
